
Microsoft Visual Studio Solution File, Format Version 12.00
# Visual Studio Version 17
VisualStudioVersion = 17.4.33110.190
MinimumVisualStudioVersion = 10.0.40219.1
Project("{9A19103F-16F7-4668-BE54-9A1E7A4F7556}") = "AtelierCITests", "AtelierCITests.csproj", "{02EB819B-794E-4275-922B-6797CA05E1EB}"
EndProject
Global
	GlobalSection(SolutionConfigurationPlatforms) = preSolution
		Debug|Any CPU = Debug|Any CPU
		Release|Any CPU = Release|Any CPU
	EndGlobalSection
	GlobalSection(ProjectConfigurationPlatforms) = postSolution
		{02EB819B-794E-4275-922B-6797CA05E1EB}.Debug|Any CPU.ActiveCfg = Debug|Any CPU
		{02EB819B-794E-4275-922B-6797CA05E1EB}.Debug|Any CPU.Build.0 = Debug|Any CPU
		{02EB819B-794E-4275-922B-6797CA05E1EB}.Release|Any CPU.ActiveCfg = Release|Any CPU
		{02EB819B-794E-4275-922B-6797CA05E1EB}.Release|Any CPU.Build.0 = Release|Any CPU
	EndGlobalSection
	GlobalSection(SolutionProperties) = preSolution
		HideSolutionNode = FALSE
	EndGlobalSection
	GlobalSection(ExtensibilityGlobals) = postSolution
		SolutionGuid = {0F17B9F9-5F0C-43EE-9FEB-24B0BF7ED034}
	EndGlobalSection
EndGlobal
